// !$*UTF8*$!
{
	archiveVersion = 1;
	classes = {
	};
	objectVersion = 46;
	objects = {

/* Begin PBXBuildFile section */
		4C1C98901AEE3F6D00B1D7E8 /* AddressBook.framework in Frameworks */ = {isa = PBXBuildFile; fileRef = 4C1C988E1AEE3F6D00B1D7E8 /* AddressBook.framework */; };
		4C1C98911AEE3F6D00B1D7E8 /* AddressBookUI.framework in Frameworks */ = {isa = PBXBuildFile; fileRef = 4C1C988F1AEE3F6D00B1D7E8 /* AddressBookUI.framework */; };
		4C9E7C2E1AEE3ED600299A74 /* AppDelegate.swift in Sources */ = {isa = PBXBuildFile; fileRef = 4C9E7C2D1AEE3ED600299A74 /* AppDelegate.swift */; };
		4C9E7C301AEE3ED600299A74 /* ViewController.swift in Sources */ = {isa = PBXBuildFile; fileRef = 4C9E7C2F1AEE3ED600299A74 /* ViewController.swift */; };
		4C9E7C331AEE3ED600299A74 /* Main.storyboard in Resources */ = {isa = PBXBuildFile; fileRef = 4C9E7C311AEE3ED600299A74 /* Main.storyboard */; };
		4C9E7C351AEE3ED600299A74 /* Images.xcassets in Resources */ = {isa = PBXBuildFile; fileRef = 4C9E7C341AEE3ED600299A74 /* Images.xcassets */; };
		4C9E7C381AEE3ED600299A74 /* LaunchScreen.xib in Resources */ = {isa = PBXBuildFile; fileRef = 4C9E7C361AEE3ED600299A74 /* LaunchScreen.xib */; };
		4C9E7C441AEE3ED600299A74 /* PhonesTests.swift in Sources */ = {isa = PBXBuildFile; fileRef = 4C9E7C431AEE3ED600299A74 /* PhonesTests.swift */; };
/* End PBXBuildFile section */

/* Begin PBXContainerItemProxy section */
		4C9E7C3E1AEE3ED600299A74 /* PBXContainerItemProxy */ = {
			isa = PBXContainerItemProxy;
			containerPortal = 4C9E7C201AEE3ED600299A74 /* Project object */;
			proxyType = 1;
			remoteGlobalIDString = 4C9E7C271AEE3ED600299A74;
			remoteInfo = Phones;
		};
/* End PBXContainerItemProxy section */

/* Begin PBXFileReference section */
		4C1C988E1AEE3F6D00B1D7E8 /* AddressBook.framework */ = {isa = PBXFileReference; lastKnownFileType = wrapper.framework; name = AddressBook.framework; path = System/Library/Frameworks/AddressBook.framework; sourceTree = SDKROOT; };
		4C1C988F1AEE3F6D00B1D7E8 /* AddressBookUI.framework */ = {isa = PBXFileReference; lastKnownFileType = wrapper.framework; name = AddressBookUI.framework; path = System/Library/Frameworks/AddressBookUI.framework; sourceTree = SDKROOT; };
		4C9E7C281AEE3ED600299A74 /* Phones.app */ = {isa = PBXFileReference; explicitFileType = wrapper.application; includeInIndex = 0; path = Phones.app; sourceTree = BUILT_PRODUCTS_DIR; };
		4C9E7C2C1AEE3ED600299A74 /* Info.plist */ = {isa = PBXFileReference; lastKnownFileType = text.plist.xml; path = Info.plist; sourceTree = "<group>"; };
		4C9E7C2D1AEE3ED600299A74 /* AppDelegate.swift */ = {isa = PBXFileReference; lastKnownFileType = sourcecode.swift; path = AppDelegate.swift; sourceTree = "<group>"; };
		4C9E7C2F1AEE3ED600299A74 /* ViewController.swift */ = {isa = PBXFileReference; lastKnownFileType = sourcecode.swift; path = ViewController.swift; sourceTree = "<group>"; };
		4C9E7C321AEE3ED600299A74 /* Base */ = {isa = PBXFileReference; lastKnownFileType = file.storyboard; name = Base; path = Base.lproj/Main.storyboard; sourceTree = "<group>"; };
		4C9E7C341AEE3ED600299A74 /* Images.xcassets */ = {isa = PBXFileReference; lastKnownFileType = folder.assetcatalog; path = Images.xcassets; sourceTree = "<group>"; };
		4C9E7C371AEE3ED600299A74 /* Base */ = {isa = PBXFileReference; lastKnownFileType = file.xib; name = Base; path = Base.lproj/LaunchScreen.xib; sourceTree = "<group>"; };
		4C9E7C3D1AEE3ED600299A74 /* PhonesTests.xctest */ = {isa = PBXFileReference; explicitFileType = wrapper.cfbundle; includeInIndex = 0; path = PhonesTests.xctest; sourceTree = BUILT_PRODUCTS_DIR; };
		4C9E7C421AEE3ED600299A74 /* Info.plist */ = {isa = PBXFileReference; lastKnownFileType = text.plist.xml; path = Info.plist; sourceTree = "<group>"; };
		4C9E7C431AEE3ED600299A74 /* PhonesTests.swift */ = {isa = PBXFileReference; lastKnownFileType = sourcecode.swift; path = PhonesTests.swift; sourceTree = "<group>"; };
/* End PBXFileReference section */

/* Begin PBXFrameworksBuildPhase section */
		4C9E7C251AEE3ED600299A74 /* Frameworks */ = {
			isa = PBXFrameworksBuildPhase;
			buildActionMask = 2147483647;
			files = (
				4C1C98901AEE3F6D00B1D7E8 /* AddressBook.framework in Frameworks */,
				4C1C98911AEE3F6D00B1D7E8 /* AddressBookUI.framework in Frameworks */,
			);
			runOnlyForDeploymentPostprocessing = 0;
		};
		4C9E7C3A1AEE3ED600299A74 /* Frameworks */ = {
			isa = PBXFrameworksBuildPhase;
			buildActionMask = 2147483647;
			files = (
			);
			runOnlyForDeploymentPostprocessing = 0;
		};
/* End PBXFrameworksBuildPhase section */

/* Begin PBXGroup section */
		4C9E7C1F1AEE3ED600299A74 = {
			isa = PBXGroup;
			children = (
				4C1C988E1AEE3F6D00B1D7E8 /* AddressBook.framework */,
				4C1C988F1AEE3F6D00B1D7E8 /* AddressBookUI.framework */,
				4C9E7C2A1AEE3ED600299A74 /* Phones */,
				4C9E7C401AEE3ED600299A74 /* PhonesTests */,
				4C9E7C291AEE3ED600299A74 /* Products */,
			);
			sourceTree = "<group>";
		};
		4C9E7C291AEE3ED600299A74 /* Products */ = {
			isa = PBXGroup;
			children = (
				4C9E7C281AEE3ED600299A74 /* Phones.app */,
				4C9E7C3D1AEE3ED600299A74 /* PhonesTests.xctest */,
			);
			name = Products;
			sourceTree = "<group>";
		};
		4C9E7C2A1AEE3ED600299A74 /* Phones */ = {
			isa = PBXGroup;
			children = (
				4C9E7C2D1AEE3ED600299A74 /* AppDelegate.swift */,
				4C9E7C2F1AEE3ED600299A74 /* ViewController.swift */,
				4C9E7C311AEE3ED600299A74 /* Main.storyboard */,
				4C9E7C341AEE3ED600299A74 /* Images.xcassets */,
				4C9E7C361AEE3ED600299A74 /* LaunchScreen.xib */,
				4C9E7C2B1AEE3ED600299A74 /* Supporting Files */,
			);
			path = Phones;
			sourceTree = "<group>";
		};
		4C9E7C2B1AEE3ED600299A74 /* Supporting Files */ = {
			isa = PBXGroup;
			children = (
				4C9E7C2C1AEE3ED600299A74 /* Info.plist */,
			);
			name = "Supporting Files";
			sourceTree = "<group>";
		};
		4C9E7C401AEE3ED600299A74 /* PhonesTests */ = {
			isa = PBXGroup;
			children = (
				4C9E7C431AEE3ED600299A74 /* PhonesTests.swift */,
				4C9E7C411AEE3ED600299A74 /* Supporting Files */,
			);
			path = PhonesTests;
			sourceTree = "<group>";
		};
		4C9E7C411AEE3ED600299A74 /* Supporting Files */ = {
			isa = PBXGroup;
			children = (
				4C9E7C421AEE3ED600299A74 /* Info.plist */,
			);
			name = "Supporting Files";
			sourceTree = "<group>";
		};
/* End PBXGroup section */

/* Begin PBXNativeTarget section */
		4C9E7C271AEE3ED600299A74 /* Phones */ = {
			isa = PBXNativeTarget;
			buildConfigurationList = 4C9E7C471AEE3ED600299A74 /* Build configuration list for PBXNativeTarget "Phones" */;
			buildPhases = (
				4C9E7C241AEE3ED600299A74 /* Sources */,
				4C9E7C251AEE3ED600299A74 /* Frameworks */,
				4C9E7C261AEE3ED600299A74 /* Resources */,
			);
			buildRules = (
			);
			dependencies = (
			);
			name = Phones;
			productName = Phones;
			productReference = 4C9E7C281AEE3ED600299A74 /* Phones.app */;
			productType = "com.apple.product-type.application";
		};
		4C9E7C3C1AEE3ED600299A74 /* PhonesTests */ = {
			isa = PBXNativeTarget;
			buildConfigurationList = 4C9E7C4A1AEE3ED600299A74 /* Build configuration list for PBXNativeTarget "PhonesTests" */;
			buildPhases = (
				4C9E7C391AEE3ED600299A74 /* Sources */,
				4C9E7C3A1AEE3ED600299A74 /* Frameworks */,
				4C9E7C3B1AEE3ED600299A74 /* Resources */,
			);
			buildRules = (
			);
			dependencies = (
				4C9E7C3F1AEE3ED600299A74 /* PBXTargetDependency */,
			);
			name = PhonesTests;
			productName = PhonesTests;
			productReference = 4C9E7C3D1AEE3ED600299A74 /* PhonesTests.xctest */;
			productType = "com.apple.product-type.bundle.unit-test";
		};
/* End PBXNativeTarget section */

/* Begin PBXProject section */
		4C9E7C201AEE3ED600299A74 /* Project object */ = {
			isa = PBXProject;
			attributes = {
				LastUpgradeCheck = 0630;
				ORGANIZATIONNAME = Pomcast.biz;
				TargetAttributes = {
					4C9E7C271AEE3ED600299A74 = {
						CreatedOnToolsVersion = 6.3.1;
					};
					4C9E7C3C1AEE3ED600299A74 = {
						CreatedOnToolsVersion = 6.3.1;
						TestTargetID = 4C9E7C271AEE3ED600299A74;
					};
				};
			};
			buildConfigurationList = 4C9E7C231AEE3ED600299A74 /* Build configuration list for PBXProject "Phones" */;
			compatibilityVersion = "Xcode 3.2";
			developmentRegion = English;
			hasScannedForEncodings = 0;
			knownRegions = (
				en,
				Base,
			);
			mainGroup = 4C9E7C1F1AEE3ED600299A74;
			productRefGroup = 4C9E7C291AEE3ED600299A74 /* Products */;
			projectDirPath = "";
			projectRoot = "";
			targets = (
				4C9E7C271AEE3ED600299A74 /* Phones */,
				4C9E7C3C1AEE3ED600299A74 /* PhonesTests */,
			);
		};
/* End PBXProject section */

/* Begin PBXResourcesBuildPhase section */
		4C9E7C261AEE3ED600299A74 /* Resources */ = {
			isa = PBXResourcesBuildPhase;
			buildActionMask = 2147483647;
			files = (
				4C9E7C331AEE3ED600299A74 /* Main.storyboard in Resources */,
				4C9E7C381AEE3ED600299A74 /* LaunchScreen.xib in Resources */,
				4C9E7C351AEE3ED600299A74 /* Images.xcassets in Resources */,
			);
			runOnlyForDeploymentPostprocessing = 0;
		};
		4C9E7C3B1AEE3ED600299A74 /* Resources */ = {
			isa = PBXResourcesBuildPhase;
			buildActionMask = 2147483647;
			files = (
			);
			runOnlyForDeploymentPostprocessing = 0;
		};
/* End PBXResourcesBuildPhase section */

/* Begin PBXSourcesBuildPhase section */
		4C9E7C241AEE3ED600299A74 /* Sources */ = {
			isa = PBXSourcesBuildPhase;
			buildActionMask = 2147483647;
			files = (
				4C9E7C301AEE3ED600299A74 /* ViewController.swift in Sources */,
				4C9E7C2E1AEE3ED600299A74 /* AppDelegate.swift in Sources */,
			);
			runOnlyForDeploymentPostprocessing = 0;
		};
		4C9E7C391AEE3ED600299A74 /* Sources */ = {
			isa = PBXSourcesBuildPhase;
			buildActionMask = 2147483647;
			files = (
				4C9E7C441AEE3ED600299A74 /* PhonesTests.swift in Sources */,
			);
			runOnlyForDeploymentPostprocessing = 0;
		};
/* End PBXSourcesBuildPhase section */

/* Begin PBXTargetDependency section */
		4C9E7C3F1AEE3ED600299A74 /* PBXTargetDependency */ = {
			isa = PBXTargetDependency;
			target = 4C9E7C271AEE3ED600299A74 /* Phones */;
			targetProxy = 4C9E7C3E1AEE3ED600299A74 /* PBXContainerItemProxy */;
		};
/* End PBXTargetDependency section */

/* Begin PBXVariantGroup section */
		4C9E7C311AEE3ED600299A74 /* Main.storyboard */ = {
			isa = PBXVariantGroup;
			children = (
				4C9E7C321AEE3ED600299A74 /* Base */,
			);
			name = Main.storyboard;
			sourceTree = "<group>";
		};
		4C9E7C361AEE3ED600299A74 /* LaunchScreen.xib */ = {
			isa = PBXVariantGroup;
			children = (
				4C9E7C371AEE3ED600299A74 /* Base */,
			);
			name = LaunchScreen.xib;
			sourceTree = "<group>";
		};
/* End PBXVariantGroup section */

/* Begin XCBuildConfiguration section */
		4C9E7C451AEE3ED600299A74 /* Debug */ = {
			isa = XCBuildConfiguration;
			buildSettings = {
				ALWAYS_SEARCH_USER_PATHS = NO;
				CLANG_CXX_LANGUAGE_STANDARD = "gnu++0x";
				CLANG_CXX_LIBRARY = "libc++";
				CLANG_ENABLE_MODULES = YES;
				CLANG_ENABLE_OBJC_ARC = YES;
				CLANG_WARN_BOOL_CONVERSION = YES;
				CLANG_WARN_CONSTANT_CONVERSION = YES;
				CLANG_WARN_DIRECT_OBJC_ISA_USAGE = YES_ERROR;
				CLANG_WARN_EMPTY_BODY = YES;
				CLANG_WARN_ENUM_CONVERSION = YES;
				CLANG_WARN_INT_CONVERSION = YES;
				CLANG_WARN_OBJC_ROOT_CLASS = YES_ERROR;
				CLANG_WARN_UNREACHABLE_CODE = YES;
				CLANG_WARN__DUPLICATE_METHOD_MATCH = YES;
				"CODE_SIGN_IDENTITY[sdk=iphoneos*]" = "iPhone Developer";
				COPY_PHASE_STRIP = NO;
				DEBUG_INFORMATION_FORMAT = "dwarf-with-dsym";
				ENABLE_STRICT_OBJC_MSGSEND = YES;
				GCC_C_LANGUAGE_STANDARD = gnu99;
				GCC_DYNAMIC_NO_PIC = NO;
				GCC_NO_COMMON_BLOCKS = YES;
				GCC_OPTIMIZATION_LEVEL = 0;
				GCC_PREPROCESSOR_DEFINITIONS = (
					"DEBUG=1",
					"$(inherited)",
				);
				GCC_SYMBOLS_PRIVATE_EXTERN = NO;
				GCC_WARN_64_TO_32_BIT_CONVERSION = YES;
				GCC_WARN_ABOUT_RETURN_TYPE = YES_ERROR;
				GCC_WARN_UNDECLARED_SELECTOR = YES;
				GCC_WARN_UNINITIALIZED_AUTOS = YES_AGGRESSIVE;
				GCC_WARN_UNUSED_FUNCTION = YES;
				GCC_WARN_UNUSED_VARIABLE = YES;
				IPHONEOS_DEPLOYMENT_TARGET = 8.3;
				MTL_ENABLE_DEBUG_INFO = YES;
				ONLY_ACTIVE_ARCH = YES;
				SDKROOT = iphoneos;
				SWIFT_OPTIMIZATION_LEVEL = "-Onone";
				TARGETED_DEVICE_FAMILY = "1,2";
			};
			name = Debug;
		};
		4C9E7C461AEE3ED600299A74 /* Release */ = {
			isa = XCBuildConfiguration;
			buildSettings = {
				ALWAYS_SEARCH_USER_PATHS = NO;
				CLANG_CXX_LANGUAGE_STANDARD = "gnu++0x";
				CLANG_CXX_LIBRARY = "libc++";
				CLANG_ENABLE_MODULES = YES;
				CLANG_ENABLE_OBJC_ARC = YES;
				CLANG_WARN_BOOL_CONVERSION = YES;
				CLANG_WARN_CONSTANT_CONVERSION = YES;
				CLANG_WARN_DIRECT_OBJC_ISA_USAGE = YES_ERROR;
				CLANG_WARN_EMPTY_BODY = YES;
				CLANG_WARN_ENUM_CONVERSION = YES;
				CLANG_WARN_INT_CONVERSION = YES;
				CLANG_WARN_OBJC_ROOT_CLASS = YES_ERROR;
				CLANG_WARN_UNREACHABLE_CODE = YES;
				CLANG_WARN__DUPLICATE_METHOD_MATCH = YES;
				"CODE_SIGN_IDENTITY[sdk=iphoneos*]" = "iPhone Developer";
				COPY_PHASE_STRIP = NO;
				DEBUG_INFORMATION_FORMAT = "dwarf-with-dsym";
				ENABLE_NS_ASSERTIONS = NO;
				ENABLE_STRICT_OBJC_MSGSEND = YES;
				GCC_C_LANGUAGE_STANDARD = gnu99;
				GCC_NO_COMMON_BLOCKS = YES;
				GCC_WARN_64_TO_32_BIT_CONVERSION = YES;
				GCC_WARN_ABOUT_RETURN_TYPE = YES_ERROR;
				GCC_WARN_UNDECLARED_SELECTOR = YES;
				GCC_WARN_UNINITIALIZED_AUTOS = YES_AGGRESSIVE;
				GCC_WARN_UNUSED_FUNCTION = YES;
				GCC_WARN_UNUSED_VARIABLE = YES;
				IPHONEOS_DEPLOYMENT_TARGET = 8.3;
				MTL_ENABLE_DEBUG_INFO = NO;
				SDKROOT = iphoneos;
				TARGETED_DEVICE_FAMILY = "1,2";
				VALIDATE_PRODUCT = YES;
			};
			name = Release;
		};
		4C9E7C481AEE3ED600299A74 /* Debug */ = {
			isa = XCBuildConfiguration;
			buildSettings = {
				ASSETCATALOG_COMPILER_APPICON_NAME = AppIcon;
				INFOPLIST_FILE = Phones/Info.plist;
				LD_RUNPATH_SEARCH_PATHS = "$(inherited) @executable_path/Frameworks";
				PRODUCT_NAME = "$(TARGET_NAME)";
			};
			name = Debug;
		};
		4C9E7C491AEE3ED600299A74 /* Release */ = {
			isa = XCBuildConfiguration;
			buildSettings = {
				ASSETCATALOG_COMPILER_APPICON_NAME = AppIcon;
				INFOPLIST_FILE = Phones/Info.plist;
				LD_RUNPATH_SEARCH_PATHS = "$(inherited) @executable_path/Frameworks";
				PRODUCT_NAME = "$(TARGET_NAME)";
			};
			name = Release;
		};
		4C9E7C4B1AEE3ED600299A74 /* Debug */ = {
			isa = XCBuildConfiguration;
			buildSettings = {
				BUNDLE_LOADER = "$(TEST_HOST)";
				FRAMEWORK_SEARCH_PATHS = (
					"$(SDKROOT)/Developer/Library/Frameworks",
					"$(inherited)",
				);
				GCC_PREPROCESSOR_DEFINITIONS = (
					"DEBUG=1",
					"$(inherited)",
				);
				INFOPLIST_FILE = PhonesTests/Info.plist;
				LD_RUNPATH_SEARCH_PATHS = "$(inherited) @executable_path/Frameworks @loader_path/Frameworks";
				PRODUCT_NAME = "$(TARGET_NAME)";
				TEST_HOST = "$(BUILT_PRODUCTS_DIR)/Phones.app/Phones";
			};
			name = Debug;
		};
		4C9E7C4C1AEE3ED600299A74 /* Release */ = {
			isa = XCBuildConfiguration;
			buildSettings = {
				BUNDLE_LOADER = "$(TEST_HOST)";
				FRAMEWORK_SEARCH_PATHS = (
					"$(SDKROOT)/Developer/Library/Frameworks",
					"$(inherited)",
				);
				INFOPLIST_FILE = PhonesTests/Info.plist;
				LD_RUNPATH_SEARCH_PATHS = "$(inherited) @executable_path/Frameworks @loader_path/Frameworks";
				PRODUCT_NAME = "$(TARGET_NAME)";
				TEST_HOST = "$(BUILT_PRODUCTS_DIR)/Phones.app/Phones";
			};
			name = Release;
		};
/* End XCBuildConfiguration section */

/* Begin XCConfigurationList section */
		4C9E7C231AEE3ED600299A74 /* Build configuration list for PBXProject "Phones" */ = {
			isa = XCConfigurationList;
			buildConfigurations = (
				4C9E7C451AEE3ED600299A74 /* Debug */,
				4C9E7C461AEE3ED600299A74 /* Release */,
			);
			defaultConfigurationIsVisible = 0;
			defaultConfigurationName = Release;
		};
		4C9E7C471AEE3ED600299A74 /* Build configuration list for PBXNativeTarget "Phones" */ = {
			isa = XCConfigurationList;
			buildConfigurations = (
				4C9E7C481AEE3ED600299A74 /* Debug */,
				4C9E7C491AEE3ED600299A74 /* Release */,
			);
			defaultConfigurationIsVisible = 0;
			defaultConfigurationName = Release;
		};
		4C9E7C4A1AEE3ED600299A74 /* Build configuration list for PBXNativeTarget "PhonesTests" */ = {
			isa = XCConfigurationList;
			buildConfigurations = (
				4C9E7C4B1AEE3ED600299A74 /* Debug */,
				4C9E7C4C1AEE3ED600299A74 /* Release */,
			);
			defaultConfigurationIsVisible = 0;
			defaultConfigurationName = Release;
		};
/* End XCConfigurationList section */
	};
	rootObject = 4C9E7C201AEE3ED600299A74 /* Project object */;
}
